
Microsoft Visual Studio Solution File, Format Version 12.00
# Visual Studio Version 16
VisualStudioVersion = 16.0.32106.194
MinimumVisualStudioVersion = 10.0.40219.1
Project("{FAE04EC0-301F-11D3-BF4B-00C04F79EFBC}") = "TicTacToeGame", "TicTacToeGame\TicTacToeGame.csproj", "{76FCA78B-7EB5-4BF7-BEED-EEA23D0BB722}"
EndProject
Project("{2150E333-8FDC-42A3-9474-1A3956D46DE8}") = "Solution Items", "Solution Items", "{A0E8C2DC-46F6-4197-B85D-95AA145491E4}"
EndProject
Global
	GlobalSection(SolutionConfigurationPlatforms) = preSolution
		Debug|Any CPU = Debug|Any CPU
		Release|Any CPU = Release|Any CPU
	EndGlobalSection
	GlobalSection(ProjectConfigurationPlatforms) = postSolution
		{76FCA78B-7EB5-4BF7-BEED-EEA23D0BB722}.Debug|Any CPU.ActiveCfg = Debug|Any CPU
		{76FCA78B-7EB5-4BF7-BEED-EEA23D0BB722}.Debug|Any CPU.Build.0 = Debug|Any CPU
		{76FCA78B-7EB5-4BF7-BEED-EEA23D0BB722}.Release|Any CPU.ActiveCfg = Release|Any CPU
		{76FCA78B-7EB5-4BF7-BEED-EEA23D0BB722}.Release|Any CPU.Build.0 = Release|Any CPU
	EndGlobalSection
	GlobalSection(SolutionProperties) = preSolution
		HideSolutionNode = FALSE
	EndGlobalSection
	GlobalSection(ExtensibilityGlobals) = postSolution
		SolutionGuid = {D17FEAFE-65AC-4003-A778-D55C9FFB6410}
	EndGlobalSection
EndGlobal
